
Microsoft Visual Studio Solution File, Format Version 12.00
# Visual Studio Version 16
VisualStudioVersion = 16.0.33927.289
MinimumVisualStudioVersion = 10.0.40219.1
Project("{8BC9CEB8-8B4A-11D0-8D11-00A0C91BC942}") = "Utils", "Utils.vcxproj", "{FCAD4591-408E-425A-B548-E45938B79488}"
EndProject
Global
	GlobalSection(SolutionConfigurationPlatforms) = preSolution
		Debug|x64 = Debug|x64
		Debug|x86 = Debug|x86
		Release|x64 = Release|x64
		Release|x86 = Release|x86
	EndGlobalSection
	GlobalSection(ProjectConfigurationPlatforms) = postSolution
		{FCAD4591-408E-425A-B548-E45938B79488}.Debug|x64.ActiveCfg = Debug|x64
		{FCAD4591-408E-425A-B548-E45938B79488}.Debug|x64.Build.0 = Debug|x64
		{FCAD4591-408E-425A-B548-E45938B79488}.Debug|x86.ActiveCfg = Debug|Win32
		{FCAD4591-408E-425A-B548-E45938B79488}.Debug|x86.Build.0 = Debug|Win32
		{FCAD4591-408E-425A-B548-E45938B79488}.Release|x64.ActiveCfg = Release|x64
		{FCAD4591-408E-425A-B548-E45938B79488}.Release|x64.Build.0 = Release|x64
		{FCAD4591-408E-425A-B548-E45938B79488}.Release|x86.ActiveCfg = Release|Win32
		{FCAD4591-408E-425A-B548-E45938B79488}.Release|x86.Build.0 = Release|Win32
	EndGlobalSection
	GlobalSection(SolutionProperties) = preSolution
		HideSolutionNode = FALSE
	EndGlobalSection
	GlobalSection(ExtensibilityGlobals) = postSolution
		SolutionGuid = {1BD972B1-7D6E-4E6C-965A-2C322718F0FE}
	EndGlobalSection
EndGlobal
